
Microsoft Visual Studio Solution File, Format Version 12.00
# Visual Studio Version 17
VisualStudioVersion = 17.11.35222.181
MinimumVisualStudioVersion = 10.0.40219.1
Project("{FAE04EC0-301F-11D3-BF4B-00C04F79EFBC}") = "Project1", "Project1\Project1.csproj", "{B8BBA50A-7F84-4274-BC38-FECA6F3D1A9C}"
EndProject
Global
	GlobalSection(SolutionConfigurationPlatforms) = preSolution
		Debug|Any CPU = Debug|Any CPU
		Release|Any CPU = Release|Any CPU
	EndGlobalSection
	GlobalSection(ProjectConfigurationPlatforms) = postSolution
		{B8BBA50A-7F84-4274-BC38-FECA6F3D1A9C}.Debug|Any CPU.ActiveCfg = Debug|Any CPU
		{B8BBA50A-7F84-4274-BC38-FECA6F3D1A9C}.Debug|Any CPU.Build.0 = Debug|Any CPU
		{B8BBA50A-7F84-4274-BC38-FECA6F3D1A9C}.Release|Any CPU.ActiveCfg = Release|Any CPU
		{B8BBA50A-7F84-4274-BC38-FECA6F3D1A9C}.Release|Any CPU.Build.0 = Release|Any CPU
	EndGlobalSection
	GlobalSection(SolutionProperties) = preSolution
		HideSolutionNode = FALSE
	EndGlobalSection
	GlobalSection(ExtensibilityGlobals) = postSolution
		SolutionGuid = {84C71B95-C703-40EE-92CB-4AA28AA0642D}
	EndGlobalSection
EndGlobal
